// !$*UTF8*$!
{
	archiveVersion = 1;
	classes = {
	};
	objectVersion = 46;
	objects = {

/* Begin PBXBuildFile section */
		F07CB6A41B78728000AAD631 /* IPPlaceholderView.swift in Sources */ = {isa = PBXBuildFile; fileRef = F07CB6A31B78728000AAD631 /* IPPlaceholderView.swift */; };
		F07CB6A61B78737900AAD631 /* IPDataView.swift in Sources */ = {isa = PBXBuildFile; fileRef = F07CB6A51B78737900AAD631 /* IPDataView.swift */; };
		F07CB6A81B78810800AAD631 /* IPInteractor.swift in Sources */ = {isa = PBXBuildFile; fileRef = F07CB6A71B78810800AAD631 /* IPInteractor.swift */; };
		F07CB6AA1B78814500AAD631 /* IPDataViewInteractor.swift in Sources */ = {isa = PBXBuildFile; fileRef = F07CB6A91B78814500AAD631 /* IPDataViewInteractor.swift */; };
		F07CB6AC1B788A1600AAD631 /* IPPlaceholderPresenter.swift in Sources */ = {isa = PBXBuildFile; fileRef = F07CB6AB1B788A1600AAD631 /* IPPlaceholderPresenter.swift */; };
		F09052881B74DA1000440301 /* AppDelegate.swift in Sources */ = {isa = PBXBuildFile; fileRef = F09052871B74DA1000440301 /* AppDelegate.swift */; };
		F090528D1B74DA1000440301 /* Main.storyboard in Resources */ = {isa = PBXBuildFile; fileRef = F090528B1B74DA1000440301 /* Main.storyboard */; };
		F090528F1B74DA1000440301 /* Images.xcassets in Resources */ = {isa = PBXBuildFile; fileRef = F090528E1B74DA1000440301 /* Images.xcassets */; };
		F09052921B74DA1000440301 /* LaunchScreen.xib in Resources */ = {isa = PBXBuildFile; fileRef = F09052901B74DA1000440301 /* LaunchScreen.xib */; };
		F090529E1B74DA1000440301 /* AppbookIzvjescePutaTests.swift in Sources */ = {isa = PBXBuildFile; fileRef = F090529D1B74DA1000440301 /* AppbookIzvjescePutaTests.swift */; };
		F09052A91B74DF5100440301 /* IPWireframe.swift in Sources */ = {isa = PBXBuildFile; fileRef = F09052A81B74DF5100440301 /* IPWireframe.swift */; };
		F09052B11B74E0D600440301 /* Pressenter.swift in Sources */ = {isa = PBXBuildFile; fileRef = F09052B01B74E0D600440301 /* Pressenter.swift */; };
		F09052B31B74E30C00440301 /* IPView.swift in Sources */ = {isa = PBXBuildFile; fileRef = F09052B21B74E30C00440301 /* IPView.swift */; };
		F09052B51B74E39300440301 /* IPPresenterIzvjescePuta.swift in Sources */ = {isa = PBXBuildFile; fileRef = F09052B41B74E39300440301 /* IPPresenterIzvjescePuta.swift */; };
		F09052B71B74E59300440301 /* ViewText.swift in Sources */ = {isa = PBXBuildFile; fileRef = F09052B61B74E59300440301 /* ViewText.swift */; };
		F09052BB1B74E7A700440301 /* IPDataStore.swift in Sources */ = {isa = PBXBuildFile; fileRef = F09052BA1B74E7A700440301 /* IPDataStore.swift */; };
		F09052BD1B74E7C700440301 /* IPMockDataStore.swift in Sources */ = {isa = PBXBuildFile; fileRef = F09052BC1B74E7C700440301 /* IPMockDataStore.swift */; };
		F09052BF1B74E99600440301 /* IPBasicView.swift in Sources */ = {isa = PBXBuildFile; fileRef = F09052BE1B74E99600440301 /* IPBasicView.swift */; };
		F09052C11B74E9BF00440301 /* BaseBlackNavBarController.swift in Sources */ = {isa = PBXBuildFile; fileRef = F09052C01B74E9BF00440301 /* BaseBlackNavBarController.swift */; };
/* End PBXBuildFile section */

/* Begin PBXContainerItemProxy section */
		F09052981B74DA1000440301 /* PBXContainerItemProxy */ = {
			isa = PBXContainerItemProxy;
			containerPortal = F090527A1B74DA1000440301 /* Project object */;
			proxyType = 1;
			remoteGlobalIDString = F09052811B74DA1000440301;
			remoteInfo = AppbookIzvjescePuta;
		};
/* End PBXContainerItemProxy section */

/* Begin PBXFileReference section */
		F07CB6A31B78728000AAD631 /* IPPlaceholderView.swift */ = {isa = PBXFileReference; fileEncoding = 4; lastKnownFileType = sourcecode.swift; path = IPPlaceholderView.swift; sourceTree = "<group>"; };
		F07CB6A51B78737900AAD631 /* IPDataView.swift */ = {isa = PBXFileReference; fileEncoding = 4; lastKnownFileType = sourcecode.swift; path = IPDataView.swift; sourceTree = "<group>"; };
		F07CB6A71B78810800AAD631 /* IPInteractor.swift */ = {isa = PBXFileReference; fileEncoding = 4; lastKnownFileType = sourcecode.swift; path = IPInteractor.swift; sourceTree = "<group>"; };
		F07CB6A91B78814500AAD631 /* IPDataViewInteractor.swift */ = {isa = PBXFileReference; fileEncoding = 4; lastKnownFileType = sourcecode.swift; path = IPDataViewInteractor.swift; sourceTree = "<group>"; };
		F07CB6AB1B788A1600AAD631 /* IPPlaceholderPresenter.swift */ = {isa = PBXFileReference; fileEncoding = 4; lastKnownFileType = sourcecode.swift; path = IPPlaceholderPresenter.swift; sourceTree = "<group>"; };
		F09052821B74DA1000440301 /* AppbookIzvjescePuta.app */ = {isa = PBXFileReference; explicitFileType = wrapper.application; includeInIndex = 0; path = AppbookIzvjescePuta.app; sourceTree = BUILT_PRODUCTS_DIR; };
		F09052861B74DA1000440301 /* Info.plist */ = {isa = PBXFileReference; lastKnownFileType = text.plist.xml; path = Info.plist; sourceTree = "<group>"; };
		F09052871B74DA1000440301 /* AppDelegate.swift */ = {isa = PBXFileReference; lastKnownFileType = sourcecode.swift; path = AppDelegate.swift; sourceTree = "<group>"; };
		F090528C1B74DA1000440301 /* Base */ = {isa = PBXFileReference; lastKnownFileType = file.storyboard; name = Base; path = Base.lproj/Main.storyboard; sourceTree = "<group>"; };
		F090528E1B74DA1000440301 /* Images.xcassets */ = {isa = PBXFileReference; lastKnownFileType = folder.assetcatalog; path = Images.xcassets; sourceTree = "<group>"; };
		F09052911B74DA1000440301 /* Base */ = {isa = PBXFileReference; lastKnownFileType = file.xib; name = Base; path = Base.lproj/LaunchScreen.xib; sourceTree = "<group>"; };
		F09052971B74DA1000440301 /* AppbookIzvjescePutaTests.xctest */ = {isa = PBXFileReference; explicitFileType = wrapper.cfbundle; includeInIndex = 0; path = AppbookIzvjescePutaTests.xctest; sourceTree = BUILT_PRODUCTS_DIR; };
		F090529C1B74DA1000440301 /* Info.plist */ = {isa = PBXFileReference; lastKnownFileType = text.plist.xml; path = Info.plist; sourceTree = "<group>"; };
		F090529D1B74DA1000440301 /* AppbookIzvjescePutaTests.swift */ = {isa = PBXFileReference; lastKnownFileType = sourcecode.swift; path = AppbookIzvjescePutaTests.swift; sourceTree = "<group>"; };
		F09052A81B74DF5100440301 /* IPWireframe.swift */ = {isa = PBXFileReference; fileEncoding = 4; lastKnownFileType = sourcecode.swift; path = IPWireframe.swift; sourceTree = "<group>"; };
		F09052B01B74E0D600440301 /* Pressenter.swift */ = {isa = PBXFileReference; fileEncoding = 4; lastKnownFileType = sourcecode.swift; path = Pressenter.swift; sourceTree = "<group>"; };
		F09052B21B74E30C00440301 /* IPView.swift */ = {isa = PBXFileReference; fileEncoding = 4; lastKnownFileType = sourcecode.swift; path = IPView.swift; sourceTree = "<group>"; };
		F09052B41B74E39300440301 /* IPPresenterIzvjescePuta.swift */ = {isa = PBXFileReference; fileEncoding = 4; lastKnownFileType = sourcecode.swift; path = IPPresenterIzvjescePuta.swift; sourceTree = "<group>"; };
		F09052B61B74E59300440301 /* ViewText.swift */ = {isa = PBXFileReference; fileEncoding = 4; lastKnownFileType = sourcecode.swift; path = ViewText.swift; sourceTree = "<group>"; };
		F09052BA1B74E7A700440301 /* IPDataStore.swift */ = {isa = PBXFileReference; fileEncoding = 4; lastKnownFileType = sourcecode.swift; path = IPDataStore.swift; sourceTree = "<group>"; };
		F09052BC1B74E7C700440301 /* IPMockDataStore.swift */ = {isa = PBXFileReference; fileEncoding = 4; lastKnownFileType = sourcecode.swift; path = IPMockDataStore.swift; sourceTree = "<group>"; };
		F09052BE1B74E99600440301 /* IPBasicView.swift */ = {isa = PBXFileReference; fileEncoding = 4; lastKnownFileType = sourcecode.swift; path = IPBasicView.swift; sourceTree = "<group>"; };
		F09052C01B74E9BF00440301 /* BaseBlackNavBarController.swift */ = {isa = PBXFileReference; fileEncoding = 4; lastKnownFileType = sourcecode.swift; path = BaseBlackNavBarController.swift; sourceTree = "<group>"; };
/* End PBXFileReference section */

/* Begin PBXFrameworksBuildPhase section */
		F090527F1B74DA1000440301 /* Frameworks */ = {
			isa = PBXFrameworksBuildPhase;
			buildActionMask = 2147483647;
			files = (
			);
			runOnlyForDeploymentPostprocessing = 0;
		};
		F09052941B74DA1000440301 /* Frameworks */ = {
			isa = PBXFrameworksBuildPhase;
			buildActionMask = 2147483647;
			files = (
			);
			runOnlyForDeploymentPostprocessing = 0;
		};
/* End PBXFrameworksBuildPhase section */

/* Begin PBXGroup section */
		F09052791B74DA1000440301 = {
			isa = PBXGroup;
			children = (
				F09052841B74DA1000440301 /* AppbookIzvjescePuta */,
				F090529A1B74DA1000440301 /* AppbookIzvjescePutaTests */,
				F09052831B74DA1000440301 /* Products */,
			);
			sourceTree = "<group>";
		};
		F09052831B74DA1000440301 /* Products */ = {
			isa = PBXGroup;
			children = (
				F09052821B74DA1000440301 /* AppbookIzvjescePuta.app */,
				F09052971B74DA1000440301 /* AppbookIzvjescePutaTests.xctest */,
			);
			name = Products;
			sourceTree = "<group>";
		};
		F09052841B74DA1000440301 /* AppbookIzvjescePuta */ = {
			isa = PBXGroup;
			children = (
				F09052AD1B74DF8400440301 /* Entity */,
				F09052AC1B74DF7700440301 /* Interactor */,
				F09052AB1B74DF6100440301 /* Pressenter */,
				F09052AA1B74DF5900440301 /* View */,
				F09052A71B74DF3C00440301 /* Wireframe */,
				F09052871B74DA1000440301 /* AppDelegate.swift */,
				F090528B1B74DA1000440301 /* Main.storyboard */,
				F090528E1B74DA1000440301 /* Images.xcassets */,
				F09052901B74DA1000440301 /* LaunchScreen.xib */,
				F09052851B74DA1000440301 /* Supporting Files */,
			);
			path = AppbookIzvjescePuta;
			sourceTree = "<group>";
		};
		F09052851B74DA1000440301 /* Supporting Files */ = {
			isa = PBXGroup;
			children = (
				F09052861B74DA1000440301 /* Info.plist */,
			);
			name = "Supporting Files";
			sourceTree = "<group>";
		};
		F090529A1B74DA1000440301 /* AppbookIzvjescePutaTests */ = {
			isa = PBXGroup;
			children = (
				F090529D1B74DA1000440301 /* AppbookIzvjescePutaTests.swift */,
				F090529B1B74DA1000440301 /* Supporting Files */,
			);
			path = AppbookIzvjescePutaTests;
			sourceTree = "<group>";
		};
		F090529B1B74DA1000440301 /* Supporting Files */ = {
			isa = PBXGroup;
			children = (
				F090529C1B74DA1000440301 /* Info.plist */,
			);
			name = "Supporting Files";
			sourceTree = "<group>";
		};
		F09052A71B74DF3C00440301 /* Wireframe */ = {
			isa = PBXGroup;
			children = (
				F09052A81B74DF5100440301 /* IPWireframe.swift */,
			);
			name = Wireframe;
			sourceTree = "<group>";
		};
		F09052AA1B74DF5900440301 /* View */ = {
			isa = PBXGroup;
			children = (
				F09052B21B74E30C00440301 /* IPView.swift */,
				F09052BE1B74E99600440301 /* IPBasicView.swift */,
				F09052C01B74E9BF00440301 /* BaseBlackNavBarController.swift */,
				F07CB6A31B78728000AAD631 /* IPPlaceholderView.swift */,
				F07CB6A51B78737900AAD631 /* IPDataView.swift */,
			);
			name = View;
			sourceTree = "<group>";
		};
		F09052AB1B74DF6100440301 /* Pressenter */ = {
			isa = PBXGroup;
			children = (
				F09052B01B74E0D600440301 /* Pressenter.swift */,
				F09052B41B74E39300440301 /* IPPresenterIzvjescePuta.swift */,
				F07CB6AB1B788A1600AAD631 /* IPPlaceholderPresenter.swift */,
			);
			name = Pressenter;
			sourceTree = "<group>";
		};
		F09052AC1B74DF7700440301 /* Interactor */ = {
			isa = PBXGroup;
			children = (
				F07CB6A71B78810800AAD631 /* IPInteractor.swift */,
				F07CB6A91B78814500AAD631 /* IPDataViewInteractor.swift */,
			);
			name = Interactor;
			sourceTree = "<group>";
		};
		F09052AD1B74DF8400440301 /* Entity */ = {
			isa = PBXGroup;
			children = (
				F09052B61B74E59300440301 /* ViewText.swift */,
				F09052BA1B74E7A700440301 /* IPDataStore.swift */,
				F09052BC1B74E7C700440301 /* IPMockDataStore.swift */,
			);
			name = Entity;
			sourceTree = "<group>";
		};
/* End PBXGroup section */

/* Begin PBXNativeTarget section */
		F09052811B74DA1000440301 /* AppbookIzvjescePuta */ = {
			isa = PBXNativeTarget;
			buildConfigurationList = F09052A11B74DA1000440301 /* Build configuration list for PBXNativeTarget "AppbookIzvjescePuta" */;
			buildPhases = (
				F090527E1B74DA1000440301 /* Sources */,
				F090527F1B74DA1000440301 /* Frameworks */,
				F09052801B74DA1000440301 /* Resources */,
			);
			buildRules = (
			);
			dependencies = (
			);
			name = AppbookIzvjescePuta;
			productName = AppbookIzvjescePuta;
			productReference = F09052821B74DA1000440301 /* AppbookIzvjescePuta.app */;
			productType = "com.apple.product-type.application";
		};
		F09052961B74DA1000440301 /* AppbookIzvjescePutaTests */ = {
			isa = PBXNativeTarget;
			buildConfigurationList = F09052A41B74DA1000440301 /* Build configuration list for PBXNativeTarget "AppbookIzvjescePutaTests" */;
			buildPhases = (
				F09052931B74DA1000440301 /* Sources */,
				F09052941B74DA1000440301 /* Frameworks */,
				F09052951B74DA1000440301 /* Resources */,
			);
			buildRules = (
			);
			dependencies = (
				F09052991B74DA1000440301 /* PBXTargetDependency */,
			);
			name = AppbookIzvjescePutaTests;
			productName = AppbookIzvjescePutaTests;
			productReference = F09052971B74DA1000440301 /* AppbookIzvjescePutaTests.xctest */;
			productType = "com.apple.product-type.bundle.unit-test";
		};
/* End PBXNativeTarget section */

/* Begin PBXProject section */
		F090527A1B74DA1000440301 /* Project object */ = {
			isa = PBXProject;
			attributes = {
				LastUpgradeCheck = 0640;
				ORGANIZATIONNAME = "IN2 MacbookPro";
				TargetAttributes = {
					F09052811B74DA1000440301 = {
						CreatedOnToolsVersion = 6.4;
					};
					F09052961B74DA1000440301 = {
						CreatedOnToolsVersion = 6.4;
						TestTargetID = F09052811B74DA1000440301;
					};
				};
			};
			buildConfigurationList = F090527D1B74DA1000440301 /* Build configuration list for PBXProject "AppbookIzvjescePuta" */;
			compatibilityVersion = "Xcode 3.2";
			developmentRegion = English;
			hasScannedForEncodings = 0;
			knownRegions = (
				en,
				Base,
			);
			mainGroup = F09052791B74DA1000440301;
			productRefGroup = F09052831B74DA1000440301 /* Products */;
			projectDirPath = "";
			projectRoot = "";
			targets = (
				F09052811B74DA1000440301 /* AppbookIzvjescePuta */,
				F09052961B74DA1000440301 /* AppbookIzvjescePutaTests */,
			);
		};
/* End PBXProject section */

/* Begin PBXResourcesBuildPhase section */
		F09052801B74DA1000440301 /* Resources */ = {
			isa = PBXResourcesBuildPhase;
			buildActionMask = 2147483647;
			files = (
				F090528D1B74DA1000440301 /* Main.storyboard in Resources */,
				F09052921B74DA1000440301 /* LaunchScreen.xib in Resources */,
				F090528F1B74DA1000440301 /* Images.xcassets in Resources */,
			);
			runOnlyForDeploymentPostprocessing = 0;
		};
		F09052951B74DA1000440301 /* Resources */ = {
			isa = PBXResourcesBuildPhase;
			buildActionMask = 2147483647;
			files = (
			);
			runOnlyForDeploymentPostprocessing = 0;
		};
/* End PBXResourcesBuildPhase section */

/* Begin PBXSourcesBuildPhase section */
		F090527E1B74DA1000440301 /* Sources */ = {
			isa = PBXSourcesBuildPhase;
			buildActionMask = 2147483647;
			files = (
				F09052B51B74E39300440301 /* IPPresenterIzvjescePuta.swift in Sources */,
				F09052B71B74E59300440301 /* ViewText.swift in Sources */,
				F09052A91B74DF5100440301 /* IPWireframe.swift in Sources */,
				F09052BD1B74E7C700440301 /* IPMockDataStore.swift in Sources */,
				F09052BF1B74E99600440301 /* IPBasicView.swift in Sources */,
				F09052B31B74E30C00440301 /* IPView.swift in Sources */,
				F09052BB1B74E7A700440301 /* IPDataStore.swift in Sources */,
				F09052C11B74E9BF00440301 /* BaseBlackNavBarController.swift in Sources */,
				F07CB6A41B78728000AAD631 /* IPPlaceholderView.swift in Sources */,
				F07CB6AA1B78814500AAD631 /* IPDataViewInteractor.swift in Sources */,
				F07CB6AC1B788A1600AAD631 /* IPPlaceholderPresenter.swift in Sources */,
				F07CB6A61B78737900AAD631 /* IPDataView.swift in Sources */,
				F07CB6A81B78810800AAD631 /* IPInteractor.swift in Sources */,
				F09052B11B74E0D600440301 /* Pressenter.swift in Sources */,
				F09052881B74DA1000440301 /* AppDelegate.swift in Sources */,
			);
			runOnlyForDeploymentPostprocessing = 0;
		};
		F09052931B74DA1000440301 /* Sources */ = {
			isa = PBXSourcesBuildPhase;
			buildActionMask = 2147483647;
			files = (
				F090529E1B74DA1000440301 /* AppbookIzvjescePutaTests.swift in Sources */,
			);
			runOnlyForDeploymentPostprocessing = 0;
		};
/* End PBXSourcesBuildPhase section */

/* Begin PBXTargetDependency section */
		F09052991B74DA1000440301 /* PBXTargetDependency */ = {
			isa = PBXTargetDependency;
			target = F09052811B74DA1000440301 /* AppbookIzvjescePuta */;
			targetProxy = F09052981B74DA1000440301 /* PBXContainerItemProxy */;
		};
/* End PBXTargetDependency section */

/* Begin PBXVariantGroup section */
		F090528B1B74DA1000440301 /* Main.storyboard */ = {
			isa = PBXVariantGroup;
			children = (
				F090528C1B74DA1000440301 /* Base */,
			);
			name = Main.storyboard;
			sourceTree = "<group>";
		};
		F09052901B74DA1000440301 /* LaunchScreen.xib */ = {
			isa = PBXVariantGroup;
			children = (
				F09052911B74DA1000440301 /* Base */,
			);
			name = LaunchScreen.xib;
			sourceTree = "<group>";
		};
/* End PBXVariantGroup section */

/* Begin XCBuildConfiguration section */
		F090529F1B74DA1000440301 /* Debug */ = {
			isa = XCBuildConfiguration;
			buildSettings = {
				ALWAYS_SEARCH_USER_PATHS = NO;
				CLANG_CXX_LANGUAGE_STANDARD = "gnu++0x";
				CLANG_CXX_LIBRARY = "libc++";
				CLANG_ENABLE_MODULES = YES;
				CLANG_ENABLE_OBJC_ARC = YES;
				CLANG_WARN_BOOL_CONVERSION = YES;
				CLANG_WARN_CONSTANT_CONVERSION = YES;
				CLANG_WARN_DIRECT_OBJC_ISA_USAGE = YES_ERROR;
				CLANG_WARN_EMPTY_BODY = YES;
				CLANG_WARN_ENUM_CONVERSION = YES;
				CLANG_WARN_INT_CONVERSION = YES;
				CLANG_WARN_OBJC_ROOT_CLASS = YES_ERROR;
				CLANG_WARN_UNREACHABLE_CODE = YES;
				CLANG_WARN__DUPLICATE_METHOD_MATCH = YES;
				"CODE_SIGN_IDENTITY[sdk=iphoneos*]" = "iPhone Developer";
				COPY_PHASE_STRIP = NO;
				DEBUG_INFORMATION_FORMAT = "dwarf-with-dsym";
				ENABLE_STRICT_OBJC_MSGSEND = YES;
				GCC_C_LANGUAGE_STANDARD = gnu99;
				GCC_DYNAMIC_NO_PIC = NO;
				GCC_NO_COMMON_BLOCKS = YES;
				GCC_OPTIMIZATION_LEVEL = 0;
				GCC_PREPROCESSOR_DEFINITIONS = (
					"DEBUG=1",
					"$(inherited)",
				);
				GCC_SYMBOLS_PRIVATE_EXTERN = NO;
				GCC_WARN_64_TO_32_BIT_CONVERSION = YES;
				GCC_WARN_ABOUT_RETURN_TYPE = YES_ERROR;
				GCC_WARN_UNDECLARED_SELECTOR = YES;
				GCC_WARN_UNINITIALIZED_AUTOS = YES_AGGRESSIVE;
				GCC_WARN_UNUSED_FUNCTION = YES;
				GCC_WARN_UNUSED_VARIABLE = YES;
				IPHONEOS_DEPLOYMENT_TARGET = 8.4;
				MTL_ENABLE_DEBUG_INFO = YES;
				ONLY_ACTIVE_ARCH = YES;
				SDKROOT = iphoneos;
				SWIFT_OPTIMIZATION_LEVEL = "-Onone";
			};
			name = Debug;
		};
		F09052A01B74DA1000440301 /* Release */ = {
			isa = XCBuildConfiguration;
			buildSettings = {
				ALWAYS_SEARCH_USER_PATHS = NO;
				CLANG_CXX_LANGUAGE_STANDARD = "gnu++0x";
				CLANG_CXX_LIBRARY = "libc++";
				CLANG_ENABLE_MODULES = YES;
				CLANG_ENABLE_OBJC_ARC = YES;
				CLANG_WARN_BOOL_CONVERSION = YES;
				CLANG_WARN_CONSTANT_CONVERSION = YES;
				CLANG_WARN_DIRECT_OBJC_ISA_USAGE = YES_ERROR;
				CLANG_WARN_EMPTY_BODY = YES;
				CLANG_WARN_ENUM_CONVERSION = YES;
				CLANG_WARN_INT_CONVERSION = YES;
				CLANG_WARN_OBJC_ROOT_CLASS = YES_ERROR;
				CLANG_WARN_UNREACHABLE_CODE = YES;
				CLANG_WARN__DUPLICATE_METHOD_MATCH = YES;
				"CODE_SIGN_IDENTITY[sdk=iphoneos*]" = "iPhone Developer";
				COPY_PHASE_STRIP = NO;
				DEBUG_INFORMATION_FORMAT = "dwarf-with-dsym";
				ENABLE_NS_ASSERTIONS = NO;
				ENABLE_STRICT_OBJC_MSGSEND = YES;
				GCC_C_LANGUAGE_STANDARD = gnu99;
				GCC_NO_COMMON_BLOCKS = YES;
				GCC_WARN_64_TO_32_BIT_CONVERSION = YES;
				GCC_WARN_ABOUT_RETURN_TYPE = YES_ERROR;
				GCC_WARN_UNDECLARED_SELECTOR = YES;
				GCC_WARN_UNINITIALIZED_AUTOS = YES_AGGRESSIVE;
				GCC_WARN_UNUSED_FUNCTION = YES;
				GCC_WARN_UNUSED_VARIABLE = YES;
				IPHONEOS_DEPLOYMENT_TARGET = 8.4;
				MTL_ENABLE_DEBUG_INFO = NO;
				SDKROOT = iphoneos;
				VALIDATE_PRODUCT = YES;
			};
			name = Release;
		};
		F09052A21B74DA1000440301 /* Debug */ = {
			isa = XCBuildConfiguration;
			buildSettings = {
				ASSETCATALOG_COMPILER_APPICON_NAME = AppIcon;
				INFOPLIST_FILE = AppbookIzvjescePuta/Info.plist;
				IPHONEOS_DEPLOYMENT_TARGET = 7.1;
				LD_RUNPATH_SEARCH_PATHS = "$(inherited) @executable_path/Frameworks";
				PRODUCT_NAME = "$(TARGET_NAME)";
			};
			name = Debug;
		};
		F09052A31B74DA1000440301 /* Release */ = {
			isa = XCBuildConfiguration;
			buildSettings = {
				ASSETCATALOG_COMPILER_APPICON_NAME = AppIcon;
				INFOPLIST_FILE = AppbookIzvjescePuta/Info.plist;
				IPHONEOS_DEPLOYMENT_TARGET = 7.1;
				LD_RUNPATH_SEARCH_PATHS = "$(inherited) @executable_path/Frameworks";
				PRODUCT_NAME = "$(TARGET_NAME)";
			};
			name = Release;
		};
		F09052A51B74DA1000440301 /* Debug */ = {
			isa = XCBuildConfiguration;
			buildSettings = {
				BUNDLE_LOADER = "$(TEST_HOST)";
				FRAMEWORK_SEARCH_PATHS = (
					"$(SDKROOT)/Developer/Library/Frameworks",
					"$(inherited)",
				);
				GCC_PREPROCESSOR_DEFINITIONS = (
					"DEBUG=1",
					"$(inherited)",
				);
				INFOPLIST_FILE = AppbookIzvjescePutaTests/Info.plist;
				LD_RUNPATH_SEARCH_PATHS = "$(inherited) @executable_path/Frameworks @loader_path/Frameworks";
				PRODUCT_NAME = "$(TARGET_NAME)";
				TEST_HOST = "$(BUILT_PRODUCTS_DIR)/AppbookIzvjescePuta.app/AppbookIzvjescePuta";
			};
			name = Debug;
		};
		F09052A61B74DA1000440301 /* Release */ = {
			isa = XCBuildConfiguration;
			buildSettings = {
				BUNDLE_LOADER = "$(TEST_HOST)";
				FRAMEWORK_SEARCH_PATHS = (
					"$(SDKROOT)/Developer/Library/Frameworks",
					"$(inherited)",
				);
				INFOPLIST_FILE = AppbookIzvjescePutaTests/Info.plist;
				LD_RUNPATH_SEARCH_PATHS = "$(inherited) @executable_path/Frameworks @loader_path/Frameworks";
				PRODUCT_NAME = "$(TARGET_NAME)";
				TEST_HOST = "$(BUILT_PRODUCTS_DIR)/AppbookIzvjescePuta.app/AppbookIzvjescePuta";
			};
			name = Release;
		};
/* End XCBuildConfiguration section */

/* Begin XCConfigurationList section */
		F090527D1B74DA1000440301 /* Build configuration list for PBXProject "AppbookIzvjescePuta" */ = {
			isa = XCConfigurationList;
			buildConfigurations = (
				F090529F1B74DA1000440301 /* Debug */,
				F09052A01B74DA1000440301 /* Release */,
			);
			defaultConfigurationIsVisible = 0;
			defaultConfigurationName = Release;
		};
		F09052A11B74DA1000440301 /* Build configuration list for PBXNativeTarget "AppbookIzvjescePuta" */ = {
			isa = XCConfigurationList;
			buildConfigurations = (
				F09052A21B74DA1000440301 /* Debug */,
				F09052A31B74DA1000440301 /* Release */,
			);
			defaultConfigurationIsVisible = 0;
			defaultConfigurationName = Release;
		};
		F09052A41B74DA1000440301 /* Build configuration list for PBXNativeTarget "AppbookIzvjescePutaTests" */ = {
			isa = XCConfigurationList;
			buildConfigurations = (
				F09052A51B74DA1000440301 /* Debug */,
				F09052A61B74DA1000440301 /* Release */,
			);
			defaultConfigurationIsVisible = 0;
			defaultConfigurationName = Release;
		};
/* End XCConfigurationList section */
	};
	rootObject = F090527A1B74DA1000440301 /* Project object */;
}
