// !$*UTF8*$!
{
	archiveVersion = 1;
	classes = {
	};
	objectVersion = 46;
	objects = {

/* Begin PBXBuildFile section */
		F058352A1B5D2AB0006A8B15 /* AppDelegate.swift in Sources */ = {isa = PBXBuildFile; fileRef = F05835291B5D2AB0006A8B15 /* AppDelegate.swift */; };
		F058352C1B5D2AB0006A8B15 /* ViewController.swift in Sources */ = {isa = PBXBuildFile; fileRef = F058352B1B5D2AB0006A8B15 /* ViewController.swift */; };
		F058352F1B5D2AB0006A8B15 /* Main.storyboard in Resources */ = {isa = PBXBuildFile; fileRef = F058352D1B5D2AB0006A8B15 /* Main.storyboard */; };
		F05835311B5D2AB0006A8B15 /* Images.xcassets in Resources */ = {isa = PBXBuildFile; fileRef = F05835301B5D2AB0006A8B15 /* Images.xcassets */; };
		F05835341B5D2AB0006A8B15 /* LaunchScreen.xib in Resources */ = {isa = PBXBuildFile; fileRef = F05835321B5D2AB0006A8B15 /* LaunchScreen.xib */; };
		F05835401B5D2AB0006A8B15 /* Test1Tests.swift in Sources */ = {isa = PBXBuildFile; fileRef = F058353F1B5D2AB0006A8B15 /* Test1Tests.swift */; };
		F058354A1B5D390C006A8B15 /* SentenceViewControler.swift in Sources */ = {isa = PBXBuildFile; fileRef = F05835491B5D390C006A8B15 /* SentenceViewControler.swift */; };
/* End PBXBuildFile section */

/* Begin PBXContainerItemProxy section */
		F058353A1B5D2AB0006A8B15 /* PBXContainerItemProxy */ = {
			isa = PBXContainerItemProxy;
			containerPortal = F058351C1B5D2AB0006A8B15 /* Project object */;
			proxyType = 1;
			remoteGlobalIDString = F05835231B5D2AB0006A8B15;
			remoteInfo = Test1;
		};
/* End PBXContainerItemProxy section */

/* Begin PBXFileReference section */
		F05835241B5D2AB0006A8B15 /* Test1.app */ = {isa = PBXFileReference; explicitFileType = wrapper.application; includeInIndex = 0; path = Test1.app; sourceTree = BUILT_PRODUCTS_DIR; };
		F05835281B5D2AB0006A8B15 /* Info.plist */ = {isa = PBXFileReference; lastKnownFileType = text.plist.xml; path = Info.plist; sourceTree = "<group>"; };
		F05835291B5D2AB0006A8B15 /* AppDelegate.swift */ = {isa = PBXFileReference; lastKnownFileType = sourcecode.swift; path = AppDelegate.swift; sourceTree = "<group>"; };
		F058352B1B5D2AB0006A8B15 /* ViewController.swift */ = {isa = PBXFileReference; lastKnownFileType = sourcecode.swift; path = ViewController.swift; sourceTree = "<group>"; };
		F058352E1B5D2AB0006A8B15 /* Base */ = {isa = PBXFileReference; lastKnownFileType = file.storyboard; name = Base; path = Base.lproj/Main.storyboard; sourceTree = "<group>"; };
		F05835301B5D2AB0006A8B15 /* Images.xcassets */ = {isa = PBXFileReference; lastKnownFileType = folder.assetcatalog; path = Images.xcassets; sourceTree = "<group>"; };
		F05835331B5D2AB0006A8B15 /* Base */ = {isa = PBXFileReference; lastKnownFileType = file.xib; name = Base; path = Base.lproj/LaunchScreen.xib; sourceTree = "<group>"; };
		F05835391B5D2AB0006A8B15 /* Test1Tests.xctest */ = {isa = PBXFileReference; explicitFileType = wrapper.cfbundle; includeInIndex = 0; path = Test1Tests.xctest; sourceTree = BUILT_PRODUCTS_DIR; };
		F058353E1B5D2AB0006A8B15 /* Info.plist */ = {isa = PBXFileReference; lastKnownFileType = text.plist.xml; path = Info.plist; sourceTree = "<group>"; };
		F058353F1B5D2AB0006A8B15 /* Test1Tests.swift */ = {isa = PBXFileReference; lastKnownFileType = sourcecode.swift; path = Test1Tests.swift; sourceTree = "<group>"; };
		F05835491B5D390C006A8B15 /* SentenceViewControler.swift */ = {isa = PBXFileReference; fileEncoding = 4; lastKnownFileType = sourcecode.swift; path = SentenceViewControler.swift; sourceTree = "<group>"; };
/* End PBXFileReference section */

/* Begin PBXFrameworksBuildPhase section */
		F05835211B5D2AB0006A8B15 /* Frameworks */ = {
			isa = PBXFrameworksBuildPhase;
			buildActionMask = 2147483647;
			files = (
			);
			runOnlyForDeploymentPostprocessing = 0;
		};
		F05835361B5D2AB0006A8B15 /* Frameworks */ = {
			isa = PBXFrameworksBuildPhase;
			buildActionMask = 2147483647;
			files = (
			);
			runOnlyForDeploymentPostprocessing = 0;
		};
/* End PBXFrameworksBuildPhase section */

/* Begin PBXGroup section */
		F058351B1B5D2AB0006A8B15 = {
			isa = PBXGroup;
			children = (
				F05835261B5D2AB0006A8B15 /* Test1 */,
				F058353C1B5D2AB0006A8B15 /* Test1Tests */,
				F05835251B5D2AB0006A8B15 /* Products */,
			);
			sourceTree = "<group>";
		};
		F05835251B5D2AB0006A8B15 /* Products */ = {
			isa = PBXGroup;
			children = (
				F05835241B5D2AB0006A8B15 /* Test1.app */,
				F05835391B5D2AB0006A8B15 /* Test1Tests.xctest */,
			);
			name = Products;
			sourceTree = "<group>";
		};
		F05835261B5D2AB0006A8B15 /* Test1 */ = {
			isa = PBXGroup;
			children = (
				F05835491B5D390C006A8B15 /* SentenceViewControler.swift */,
				F05835291B5D2AB0006A8B15 /* AppDelegate.swift */,
				F058352B1B5D2AB0006A8B15 /* ViewController.swift */,
				F058352D1B5D2AB0006A8B15 /* Main.storyboard */,
				F05835301B5D2AB0006A8B15 /* Images.xcassets */,
				F05835321B5D2AB0006A8B15 /* LaunchScreen.xib */,
				F05835271B5D2AB0006A8B15 /* Supporting Files */,
			);
			path = Test1;
			sourceTree = "<group>";
		};
		F05835271B5D2AB0006A8B15 /* Supporting Files */ = {
			isa = PBXGroup;
			children = (
				F05835281B5D2AB0006A8B15 /* Info.plist */,
			);
			name = "Supporting Files";
			sourceTree = "<group>";
		};
		F058353C1B5D2AB0006A8B15 /* Test1Tests */ = {
			isa = PBXGroup;
			children = (
				F058353F1B5D2AB0006A8B15 /* Test1Tests.swift */,
				F058353D1B5D2AB0006A8B15 /* Supporting Files */,
			);
			path = Test1Tests;
			sourceTree = "<group>";
		};
		F058353D1B5D2AB0006A8B15 /* Supporting Files */ = {
			isa = PBXGroup;
			children = (
				F058353E1B5D2AB0006A8B15 /* Info.plist */,
			);
			name = "Supporting Files";
			sourceTree = "<group>";
		};
/* End PBXGroup section */

/* Begin PBXNativeTarget section */
		F05835231B5D2AB0006A8B15 /* Test1 */ = {
			isa = PBXNativeTarget;
			buildConfigurationList = F05835431B5D2AB0006A8B15 /* Build configuration list for PBXNativeTarget "Test1" */;
			buildPhases = (
				F05835201B5D2AB0006A8B15 /* Sources */,
				F05835211B5D2AB0006A8B15 /* Frameworks */,
				F05835221B5D2AB0006A8B15 /* Resources */,
			);
			buildRules = (
			);
			dependencies = (
			);
			name = Test1;
			productName = Test1;
			productReference = F05835241B5D2AB0006A8B15 /* Test1.app */;
			productType = "com.apple.product-type.application";
		};
		F05835381B5D2AB0006A8B15 /* Test1Tests */ = {
			isa = PBXNativeTarget;
			buildConfigurationList = F05835461B5D2AB0006A8B15 /* Build configuration list for PBXNativeTarget "Test1Tests" */;
			buildPhases = (
				F05835351B5D2AB0006A8B15 /* Sources */,
				F05835361B5D2AB0006A8B15 /* Frameworks */,
				F05835371B5D2AB0006A8B15 /* Resources */,
			);
			buildRules = (
			);
			dependencies = (
				F058353B1B5D2AB0006A8B15 /* PBXTargetDependency */,
			);
			name = Test1Tests;
			productName = Test1Tests;
			productReference = F05835391B5D2AB0006A8B15 /* Test1Tests.xctest */;
			productType = "com.apple.product-type.bundle.unit-test";
		};
/* End PBXNativeTarget section */

/* Begin PBXProject section */
		F058351C1B5D2AB0006A8B15 /* Project object */ = {
			isa = PBXProject;
			attributes = {
				LastUpgradeCheck = 0640;
				ORGANIZATIONNAME = "IN2 MacbookPro";
				TargetAttributes = {
					F05835231B5D2AB0006A8B15 = {
						CreatedOnToolsVersion = 6.4;
					};
					F05835381B5D2AB0006A8B15 = {
						CreatedOnToolsVersion = 6.4;
						TestTargetID = F05835231B5D2AB0006A8B15;
					};
				};
			};
			buildConfigurationList = F058351F1B5D2AB0006A8B15 /* Build configuration list for PBXProject "Test1" */;
			compatibilityVersion = "Xcode 3.2";
			developmentRegion = English;
			hasScannedForEncodings = 0;
			knownRegions = (
				en,
				Base,
			);
			mainGroup = F058351B1B5D2AB0006A8B15;
			productRefGroup = F05835251B5D2AB0006A8B15 /* Products */;
			projectDirPath = "";
			projectRoot = "";
			targets = (
				F05835231B5D2AB0006A8B15 /* Test1 */,
				F05835381B5D2AB0006A8B15 /* Test1Tests */,
			);
		};
/* End PBXProject section */

/* Begin PBXResourcesBuildPhase section */
		F05835221B5D2AB0006A8B15 /* Resources */ = {
			isa = PBXResourcesBuildPhase;
			buildActionMask = 2147483647;
			files = (
				F058352F1B5D2AB0006A8B15 /* Main.storyboard in Resources */,
				F05835341B5D2AB0006A8B15 /* LaunchScreen.xib in Resources */,
				F05835311B5D2AB0006A8B15 /* Images.xcassets in Resources */,
			);
			runOnlyForDeploymentPostprocessing = 0;
		};
		F05835371B5D2AB0006A8B15 /* Resources */ = {
			isa = PBXResourcesBuildPhase;
			buildActionMask = 2147483647;
			files = (
			);
			runOnlyForDeploymentPostprocessing = 0;
		};
/* End PBXResourcesBuildPhase section */

/* Begin PBXSourcesBuildPhase section */
		F05835201B5D2AB0006A8B15 /* Sources */ = {
			isa = PBXSourcesBuildPhase;
			buildActionMask = 2147483647;
			files = (
				F058352C1B5D2AB0006A8B15 /* ViewController.swift in Sources */,
				F058352A1B5D2AB0006A8B15 /* AppDelegate.swift in Sources */,
				F058354A1B5D390C006A8B15 /* SentenceViewControler.swift in Sources */,
			);
			runOnlyForDeploymentPostprocessing = 0;
		};
		F05835351B5D2AB0006A8B15 /* Sources */ = {
			isa = PBXSourcesBuildPhase;
			buildActionMask = 2147483647;
			files = (
				F05835401B5D2AB0006A8B15 /* Test1Tests.swift in Sources */,
			);
			runOnlyForDeploymentPostprocessing = 0;
		};
/* End PBXSourcesBuildPhase section */

/* Begin PBXTargetDependency section */
		F058353B1B5D2AB0006A8B15 /* PBXTargetDependency */ = {
			isa = PBXTargetDependency;
			target = F05835231B5D2AB0006A8B15 /* Test1 */;
			targetProxy = F058353A1B5D2AB0006A8B15 /* PBXContainerItemProxy */;
		};
/* End PBXTargetDependency section */

/* Begin PBXVariantGroup section */
		F058352D1B5D2AB0006A8B15 /* Main.storyboard */ = {
			isa = PBXVariantGroup;
			children = (
				F058352E1B5D2AB0006A8B15 /* Base */,
			);
			name = Main.storyboard;
			sourceTree = "<group>";
		};
		F05835321B5D2AB0006A8B15 /* LaunchScreen.xib */ = {
			isa = PBXVariantGroup;
			children = (
				F05835331B5D2AB0006A8B15 /* Base */,
			);
			name = LaunchScreen.xib;
			sourceTree = "<group>";
		};
/* End PBXVariantGroup section */

/* Begin XCBuildConfiguration section */
		F05835411B5D2AB0006A8B15 /* Debug */ = {
			isa = XCBuildConfiguration;
			buildSettings = {
				ALWAYS_SEARCH_USER_PATHS = NO;
				CLANG_CXX_LANGUAGE_STANDARD = "gnu++0x";
				CLANG_CXX_LIBRARY = "libc++";
				CLANG_ENABLE_MODULES = YES;
				CLANG_ENABLE_OBJC_ARC = YES;
				CLANG_WARN_BOOL_CONVERSION = YES;
				CLANG_WARN_CONSTANT_CONVERSION = YES;
				CLANG_WARN_DIRECT_OBJC_ISA_USAGE = YES_ERROR;
				CLANG_WARN_EMPTY_BODY = YES;
				CLANG_WARN_ENUM_CONVERSION = YES;
				CLANG_WARN_INT_CONVERSION = YES;
				CLANG_WARN_OBJC_ROOT_CLASS = YES_ERROR;
				CLANG_WARN_UNREACHABLE_CODE = YES;
				CLANG_WARN__DUPLICATE_METHOD_MATCH = YES;
				"CODE_SIGN_IDENTITY[sdk=iphoneos*]" = "iPhone Developer";
				COPY_PHASE_STRIP = NO;
				DEBUG_INFORMATION_FORMAT = "dwarf-with-dsym";
				ENABLE_STRICT_OBJC_MSGSEND = YES;
				GCC_C_LANGUAGE_STANDARD = gnu99;
				GCC_DYNAMIC_NO_PIC = NO;
				GCC_NO_COMMON_BLOCKS = YES;
				GCC_OPTIMIZATION_LEVEL = 0;
				GCC_PREPROCESSOR_DEFINITIONS = (
					"DEBUG=1",
					"$(inherited)",
				);
				GCC_SYMBOLS_PRIVATE_EXTERN = NO;
				GCC_WARN_64_TO_32_BIT_CONVERSION = YES;
				GCC_WARN_ABOUT_RETURN_TYPE = YES_ERROR;
				GCC_WARN_UNDECLARED_SELECTOR = YES;
				GCC_WARN_UNINITIALIZED_AUTOS = YES_AGGRESSIVE;
				GCC_WARN_UNUSED_FUNCTION = YES;
				GCC_WARN_UNUSED_VARIABLE = YES;
				IPHONEOS_DEPLOYMENT_TARGET = 8.4;
				MTL_ENABLE_DEBUG_INFO = YES;
				ONLY_ACTIVE_ARCH = YES;
				SDKROOT = iphoneos;
				SWIFT_OPTIMIZATION_LEVEL = "-Onone";
			};
			name = Debug;
		};
		F05835421B5D2AB0006A8B15 /* Release */ = {
			isa = XCBuildConfiguration;
			buildSettings = {
				ALWAYS_SEARCH_USER_PATHS = NO;
				CLANG_CXX_LANGUAGE_STANDARD = "gnu++0x";
				CLANG_CXX_LIBRARY = "libc++";
				CLANG_ENABLE_MODULES = YES;
				CLANG_ENABLE_OBJC_ARC = YES;
				CLANG_WARN_BOOL_CONVERSION = YES;
				CLANG_WARN_CONSTANT_CONVERSION = YES;
				CLANG_WARN_DIRECT_OBJC_ISA_USAGE = YES_ERROR;
				CLANG_WARN_EMPTY_BODY = YES;
				CLANG_WARN_ENUM_CONVERSION = YES;
				CLANG_WARN_INT_CONVERSION = YES;
				CLANG_WARN_OBJC_ROOT_CLASS = YES_ERROR;
				CLANG_WARN_UNREACHABLE_CODE = YES;
				CLANG_WARN__DUPLICATE_METHOD_MATCH = YES;
				"CODE_SIGN_IDENTITY[sdk=iphoneos*]" = "iPhone Developer";
				COPY_PHASE_STRIP = NO;
				DEBUG_INFORMATION_FORMAT = "dwarf-with-dsym";
				ENABLE_NS_ASSERTIONS = NO;
				ENABLE_STRICT_OBJC_MSGSEND = YES;
				GCC_C_LANGUAGE_STANDARD = gnu99;
				GCC_NO_COMMON_BLOCKS = YES;
				GCC_WARN_64_TO_32_BIT_CONVERSION = YES;
				GCC_WARN_ABOUT_RETURN_TYPE = YES_ERROR;
				GCC_WARN_UNDECLARED_SELECTOR = YES;
				GCC_WARN_UNINITIALIZED_AUTOS = YES_AGGRESSIVE;
				GCC_WARN_UNUSED_FUNCTION = YES;
				GCC_WARN_UNUSED_VARIABLE = YES;
				IPHONEOS_DEPLOYMENT_TARGET = 8.4;
				MTL_ENABLE_DEBUG_INFO = NO;
				SDKROOT = iphoneos;
				VALIDATE_PRODUCT = YES;
			};
			name = Release;
		};
		F05835441B5D2AB0006A8B15 /* Debug */ = {
			isa = XCBuildConfiguration;
			buildSettings = {
				ASSETCATALOG_COMPILER_APPICON_NAME = AppIcon;
				INFOPLIST_FILE = Test1/Info.plist;
				LD_RUNPATH_SEARCH_PATHS = "$(inherited) @executable_path/Frameworks";
				PRODUCT_NAME = "$(TARGET_NAME)";
			};
			name = Debug;
		};
		F05835451B5D2AB0006A8B15 /* Release */ = {
			isa = XCBuildConfiguration;
			buildSettings = {
				ASSETCATALOG_COMPILER_APPICON_NAME = AppIcon;
				INFOPLIST_FILE = Test1/Info.plist;
				LD_RUNPATH_SEARCH_PATHS = "$(inherited) @executable_path/Frameworks";
				PRODUCT_NAME = "$(TARGET_NAME)";
			};
			name = Release;
		};
		F05835471B5D2AB0006A8B15 /* Debug */ = {
			isa = XCBuildConfiguration;
			buildSettings = {
				BUNDLE_LOADER = "$(TEST_HOST)";
				FRAMEWORK_SEARCH_PATHS = (
					"$(SDKROOT)/Developer/Library/Frameworks",
					"$(inherited)",
				);
				GCC_PREPROCESSOR_DEFINITIONS = (
					"DEBUG=1",
					"$(inherited)",
				);
				INFOPLIST_FILE = Test1Tests/Info.plist;
				LD_RUNPATH_SEARCH_PATHS = "$(inherited) @executable_path/Frameworks @loader_path/Frameworks";
				PRODUCT_NAME = "$(TARGET_NAME)";
				TEST_HOST = "$(BUILT_PRODUCTS_DIR)/Test1.app/Test1";
			};
			name = Debug;
		};
		F05835481B5D2AB0006A8B15 /* Release */ = {
			isa = XCBuildConfiguration;
			buildSettings = {
				BUNDLE_LOADER = "$(TEST_HOST)";
				FRAMEWORK_SEARCH_PATHS = (
					"$(SDKROOT)/Developer/Library/Frameworks",
					"$(inherited)",
				);
				INFOPLIST_FILE = Test1Tests/Info.plist;
				LD_RUNPATH_SEARCH_PATHS = "$(inherited) @executable_path/Frameworks @loader_path/Frameworks";
				PRODUCT_NAME = "$(TARGET_NAME)";
				TEST_HOST = "$(BUILT_PRODUCTS_DIR)/Test1.app/Test1";
			};
			name = Release;
		};
/* End XCBuildConfiguration section */

/* Begin XCConfigurationList section */
		F058351F1B5D2AB0006A8B15 /* Build configuration list for PBXProject "Test1" */ = {
			isa = XCConfigurationList;
			buildConfigurations = (
				F05835411B5D2AB0006A8B15 /* Debug */,
				F05835421B5D2AB0006A8B15 /* Release */,
			);
			defaultConfigurationIsVisible = 0;
			defaultConfigurationName = Release;
		};
		F05835431B5D2AB0006A8B15 /* Build configuration list for PBXNativeTarget "Test1" */ = {
			isa = XCConfigurationList;
			buildConfigurations = (
				F05835441B5D2AB0006A8B15 /* Debug */,
				F05835451B5D2AB0006A8B15 /* Release */,
			);
			defaultConfigurationIsVisible = 0;
		};
		F05835461B5D2AB0006A8B15 /* Build configuration list for PBXNativeTarget "Test1Tests" */ = {
			isa = XCConfigurationList;
			buildConfigurations = (
				F05835471B5D2AB0006A8B15 /* Debug */,
				F05835481B5D2AB0006A8B15 /* Release */,
			);
			defaultConfigurationIsVisible = 0;
		};
/* End XCConfigurationList section */
	};
	rootObject = F058351C1B5D2AB0006A8B15 /* Project object */;
}
